// !$*UTF8*$!
{
	archiveVersion = 1;
	classes = {
	};
	objectVersion = 77;
	objects = {

/* Begin PBXContainerItemProxy section */
		C681D1C23032D62D0029AC15 /* PBXContainerItemProxy */ = {
			isa = PBXContainerItemProxy;
			containerPortal = C681D1AC3032D62C0029AC15 /* Project object */;
			proxyType = 1;
			remoteGlobalIDString = C681D1B33032D62C0029AC15;
			remoteInfo = PokemonFocusTimer;
		};
		C681D1CC3032D62D0029AC15 /* PBXContainerItemProxy */ = {
			isa = PBXContainerItemProxy;
			containerPortal = C681D1AC3032D62C0029AC15 /* Project object */;
			proxyType = 1;
			remoteGlobalIDString = C681D1B33032D62C0029AC15;
			remoteInfo = PokemonFocusTimer;
		};
/* End PBXContainerItemProxy section */

/* Begin PBXFileReference section */
		C681D1B43032D62C0029AC15 /* PokemonFocusTimer.app */ = {isa = PBXFileReference; explicitFileType = wrapper.application; includeInIndex = 0; path = PokemonFocusTimer.app; sourceTree = BUILT_PRODUCTS_DIR; };
		C681D1C13032D62D0029AC15 /* PokemonFocusTimerTests.xctest */ = {isa = PBXFileReference; explicitFileType = wrapper.cfbundle; includeInIndex = 0; path = PokemonFocusTimerTests.xctest; sourceTree = BUILT_PRODUCTS_DIR; };
		C681D1CB3032D62D0029AC15 /* PokemonFocusTimerUITests.xctest */ = {isa = PBXFileReference; explicitFileType = wrapper.cfbundle; includeInIndex = 0; path = PokemonFocusTimerUITests.xctest; sourceTree = BUILT_PRODUCTS_DIR; };
/* End PBXFileReference section */

/* Begin PBXFileSystemSynchronizedBuildFileExceptionSet section */
		C681D1EF3032D7AE0029AC15 /* Exceptions for "PokemonFocusTimer" folder in "PokemonFocusTimer" target */ = {
			isa = PBXFileSystemSynchronizedBuildFileExceptionSet;
			membershipExceptions = (
				Info.plist,
			);
			target = C681D1B33032D62C0029AC15 /* PokemonFocusTimer */;
		};
/* End PBXFileSystemSynchronizedBuildFileExceptionSet section */

/* Begin PBXFileSystemSynchronizedRootGroup section */
		C681D1B63032D62C0029AC15 /* PokemonFocusTimer */ = {
			isa = PBXFileSystemSynchronizedRootGroup;
			exceptions = (
				C681D1EF3032D7AE0029AC15 /* Exceptions for "PokemonFocusTimer" folder in "PokemonFocusTimer" target */,
			);
			path = PokemonFocusTimer;
			sourceTree = "<group>";
		};
		C681D1C43032D62D0029AC15 /* PokemonFocusTimerTests */ = {
			isa = PBXFileSystemSynchronizedRootGroup;
			path = PokemonFocusTimerTests;
			sourceTree = "<group>";
		};
		C681D1CE3032D62D0029AC15 /* PokemonFocusTimerUITests */ = {
			isa = PBXFileSystemSynchronizedRootGroup;
			path = PokemonFocusTimerUITests;
			sourceTree = "<group>";
		};
/* End PBXFileSystemSynchronizedRootGroup section */

/* Begin PBXFrameworksBuildPhase section */
		C681D1B13032D62C0029AC15 /* Frameworks */ = {
			isa = PBXFrameworksBuildPhase;
			buildActionMask = 2147483647;
			files = (
			);
			runOnlyForDeploymentPostprocessing = 0;
		};
		C681D1BE3032D62D0029AC15 /* Frameworks */ = {
			isa = PBXFrameworksBuildPhase;
			buildActionMask = 2147483647;
			files = (
			);
			runOnlyForDeploymentPostprocessing = 0;
		};
		C681D1C83032D62D0029AC15 /* Frameworks */ = {
			isa = PBXFrameworksBuildPhase;
			buildActionMask = 2147483647;
			files = (
			);
			runOnlyForDeploymentPostprocessing = 0;
		};
/* End PBXFrameworksBuildPhase section */

/* Begin PBXGroup section */
		C681D1AB3032D62C0029AC15 = {
			isa = PBXGroup;
			children = (
				C681D1B63032D62C0029AC15 /* PokemonFocusTimer */,
				C681D1C43032D62D0029AC15 /* PokemonFocusTimerTests */,
				C681D1CE3032D62D0029AC15 /* PokemonFocusTimerUITests */,
				C681D1B53032D62C0029AC15 /* Products */,
			);
			sourceTree = "<group>";
		};
		C681D1B53032D62C0029AC15 /* Products */ = {
			isa = PBXGroup;
			children = (
				C681D1B43032D62C0029AC15 /* PokemonFocusTimer.app */,
				C681D1C13032D62D0029AC15 /* PokemonFocusTimerTests.xctest */,
				C681D1CB3032D62D0029AC15 /* PokemonFocusTimerUITests.xctest */,
			);
			name = Products;
			sourceTree = "<group>";
		};
/* End PBXGroup section */

/* Begin PBXNativeTarget section */
		C681D1B33032D62C0029AC15 /* PokemonFocusTimer */ = {
			isa = PBXNativeTarget;
			buildConfigurationList = C681D1D53032D62D0029AC15 /* Build configuration list for PBXNativeTarget "PokemonFocusTimer" */;
			buildPhases = (
				C681D1B03032D62C0029AC15 /* Sources */,
				C681D1B13032D62C0029AC15 /* Frameworks */,
				C681D1B23032D62C0029AC15 /* Resources */,
			);
			buildRules = (
			);
			dependencies = (
			);
			fileSystemSynchronizedGroups = (
				C681D1B63032D62C0029AC15 /* PokemonFocusTimer */,
			);
			name = PokemonFocusTimer;
			packageProductDependencies = (
			);
			productName = PokemonFocusTimer;
			productReference = C681D1B43032D62C0029AC15 /* PokemonFocusTimer.app */;
			productType = "com.apple.product-type.application";
		};
		C681D1C03032D62D0029AC15 /* PokemonFocusTimerTests */ = {
			isa = PBXNativeTarget;
			buildConfigurationList = C681D1D83032D62D0029AC15 /* Build configuration list for PBXNativeTarget "PokemonFocusTimerTests" */;
			buildPhases = (
				C681D1BD3032D62D0029AC15 /* Sources */,
				C681D1BE3032D62D0029AC15 /* Frameworks */,
				C681D1BF3032D62D0029AC15 /* Resources */,
			);
			buildRules = (
			);
			dependencies = (
				C681D1C33032D62D0029AC15 /* PBXTargetDependency */,
			);
			fileSystemSynchronizedGroups = (
				C681D1C43032D62D0029AC15 /* PokemonFocusTimerTests */,
			);
			name = PokemonFocusTimerTests;
			packageProductDependencies = (
			);
			productName = PokemonFocusTimerTests;
			productReference = C681D1C13032D62D0029AC15 /* PokemonFocusTimerTests.xctest */;
			productType = "com.apple.product-type.bundle.unit-test";
		};
		C681D1CA3032D62D0029AC15 /* PokemonFocusTimerUITests */ = {
			isa = PBXNativeTarget;
			buildConfigurationList = C681D1DB3032D62D0029AC15 /* Build configuration list for PBXNativeTarget "PokemonFocusTimerUITests" */;
			buildPhases = (
				C681D1C73032D62D0029AC15 /* Sources */,
				C681D1C83032D62D0029AC15 /* Frameworks */,
				C681D1C93032D62D0029AC15 /* Resources */,
			);
			buildRules = (
			);
			dependencies = (
				C681D1CD3032D62D0029AC15 /* PBXTargetDependency */,
			);
			fileSystemSynchronizedGroups = (
				C681D1CE3032D62D0029AC15 /* PokemonFocusTimerUITests */,
			);
			name = PokemonFocusTimerUITests;
			packageProductDependencies = (
			);
			productName = PokemonFocusTimerUITests;
			productReference = C681D1CB3032D62D0029AC15 /* PokemonFocusTimerUITests.xctest */;
			productType = "com.apple.product-type.bundle.ui-testing";
		};
/* End PBXNativeTarget section */

/* Begin PBXProject section */
		C681D1AC3032D62C0029AC15 /* Project object */ = {
			isa = PBXProject;
			attributes = {
				BuildIndependentTargetsInParallel = 1;
				LastSwiftUpdateCheck = 2660;
				LastUpgradeCheck = 2660;
				TargetAttributes = {
					C681D1B33032D62C0029AC15 = {
						CreatedOnToolsVersion = 26.6;
					};
					C681D1C03032D62D0029AC15 = {
						CreatedOnToolsVersion = 26.6;
						TestTargetID = C681D1B33032D62C0029AC15;
					};
					C681D1CA3032D62D0029AC15 = {
						CreatedOnToolsVersion = 26.6;
						TestTargetID = C681D1B33032D62C0029AC15;
					};
				};
			};
			buildConfigurationList = C681D1AF3032D62C0029AC15 /* Build configuration list for PBXProject "PokemonFocusTimer" */;
			developmentRegion = en;
			hasScannedForEncodings = 0;
			knownRegions = (
				en,
				Base,
			);
			mainGroup = C681D1AB3032D62C0029AC15;
			minimizedProjectReferenceProxies = 1;
			preferredProjectObjectVersion = 77;
			productRefGroup = C681D1B53032D62C0029AC15 /* Products */;
			projectDirPath = "";
			projectRoot = "";
			targets = (
				C681D1B33032D62C0029AC15 /* PokemonFocusTimer */,
				C681D1C03032D62D0029AC15 /* PokemonFocusTimerTests */,
				C681D1CA3032D62D0029AC15 /* PokemonFocusTimerUITests */,
			);
		};
/* End PBXProject section */

/* Begin PBXResourcesBuildPhase section */
		C681D1B23032D62C0029AC15 /* Resources */ = {
			isa = PBXResourcesBuildPhase;
			buildActionMask = 2147483647;
			files = (
			);
			runOnlyForDeploymentPostprocessing = 0;
		};
		C681D1BF3032D62D0029AC15 /* Resources */ = {
			isa = PBXResourcesBuildPhase;
			buildActionMask = 2147483647;
			files = (
			);
			runOnlyForDeploymentPostprocessing = 0;
		};
		C681D1C93032D62D0029AC15 /* Resources */ = {
			isa = PBXResourcesBuildPhase;
			buildActionMask = 2147483647;
			files = (
			);
			runOnlyForDeploymentPostprocessing = 0;
		};
/* End PBXResourcesBuildPhase section */

/* Begin PBXSourcesBuildPhase section */
		C681D1B03032D62C0029AC15 /* Sources */ = {
			isa = PBXSourcesBuildPhase;
			buildActionMask = 2147483647;
			files = (
			);
			runOnlyForDeploymentPostprocessing = 0;
		};
		C681D1BD3032D62D0029AC15 /* Sources */ = {
			isa = PBXSourcesBuildPhase;
			buildActionMask = 2147483647;
			files = (
			);
			runOnlyForDeploymentPostprocessing = 0;
		};
		C681D1C73032D62D0029AC15 /* Sources */ = {
			isa = PBXSourcesBuildPhase;
			buildActionMask = 2147483647;
			files = (
			);
			runOnlyForDeploymentPostprocessing = 0;
		};
/* End PBXSourcesBuildPhase section */

/* Begin PBXTargetDependency section */
		C681D1C33032D62D0029AC15 /* PBXTargetDependency */ = {
			isa = PBXTargetDependency;
			target = C681D1B33032D62C0029AC15 /* PokemonFocusTimer */;
			targetProxy = C681D1C23032D62D0029AC15 /* PBXContainerItemProxy */;
		};
		C681D1CD3032D62D0029AC15 /* PBXTargetDependency */ = {
			isa = PBXTargetDependency;
			target = C681D1B33032D62C0029AC15 /* PokemonFocusTimer */;
			targetProxy = C681D1CC3032D62D0029AC15 /* PBXContainerItemProxy */;
		};
/* End PBXTargetDependency section */

/* Begin XCBuildConfiguration section */
		C681D1D33032D62D0029AC15 /* Debug */ = {
			isa = XCBuildConfiguration;
			buildSettings = {
				ALWAYS_SEARCH_USER_PATHS = NO;
				ASSETCATALOG_COMPILER_GENERATE_SWIFT_ASSET_SYMBOL_EXTENSIONS = YES;
				CLANG_ANALYZER_NONNULL = YES;
				CLANG_ANALYZER_NUMBER_OBJECT_CONVERSION = YES_AGGRESSIVE;
				CLANG_CXX_LANGUAGE_STANDARD = "gnu++20";
				CLANG_ENABLE_MODULES = YES;
				CLANG_ENABLE_OBJC_ARC = YES;
				CLANG_ENABLE_OBJC_WEAK = YES;
				CLANG_WARN_BLOCK_CAPTURE_AUTORELEASING = YES;
				CLANG_WARN_BOOL_CONVERSION = YES;
				CLANG_WARN_COMMA = YES;
				CLANG_WARN_CONSTANT_CONVERSION = YES;
				CLANG_WARN_DEPRECATED_OBJC_IMPLEMENTATIONS = YES;
				CLANG_WARN_DIRECT_OBJC_ISA_USAGE = YES_ERROR;
				CLANG_WARN_DOCUMENTATION_COMMENTS = YES;
				CLANG_WARN_EMPTY_BODY = YES;
				CLANG_WARN_ENUM_CONVERSION = YES;
				CLANG_WARN_INFINITE_RECURSION = YES;
				CLANG_WARN_INT_CONVERSION = YES;
				CLANG_WARN_NON_LITERAL_NULL_CONVERSION = YES;
				CLANG_WARN_OBJC_IMPLICIT_RETAIN_SELF = YES;
				CLANG_WARN_OBJC_LITERAL_CONVERSION = YES;
				CLANG_WARN_OBJC_ROOT_CLASS = YES_ERROR;
				CLANG_WARN_QUOTED_INCLUDE_IN_FRAMEWORK_HEADER = YES;
				CLANG_WARN_RANGE_LOOP_ANALYSIS = YES;
				CLANG_WARN_STRICT_PROTOTYPES = YES;
				CLANG_WARN_SUSPICIOUS_MOVE = YES;
				CLANG_WARN_UNGUARDED_AVAILABILITY = YES_AGGRESSIVE;
				CLANG_WARN_UNREACHABLE_CODE = YES;
				CLANG_WARN__DUPLICATE_METHOD_MATCH = YES;
				COPY_PHASE_STRIP = NO;
				DEBUG_INFORMATION_FORMAT = dwarf;
				ENABLE_STRICT_OBJC_MSGSEND = YES;
				ENABLE_TESTABILITY = YES;
				ENABLE_USER_SCRIPT_SANDBOXING = YES;
				GCC_C_LANGUAGE_STANDARD = gnu17;
				GCC_DYNAMIC_NO_PIC = NO;
				GCC_NO_COMMON_BLOCKS = YES;
				GCC_OPTIMIZATION_LEVEL = 0;
				GCC_PREPROCESSOR_DEFINITIONS = (
					"DEBUG=1",
					"$(inherited)",
				);
				GCC_WARN_64_TO_32_BIT_CONVERSION = YES;
				GCC_WARN_ABOUT_RETURN_TYPE = YES_ERROR;
				GCC_WARN_UNDECLARED_SELECTOR = YES;
				GCC_WARN_UNINITIALIZED_AUTOS = YES_AGGRESSIVE;
				GCC_WARN_UNUSED_FUNCTION = YES;
				GCC_WARN_UNUSED_VARIABLE = YES;
				LOCALIZATION_PREFERS_STRING_CATALOGS = YES;
				MACOSX_DEPLOYMENT_TARGET = 26.5;
				MTL_ENABLE_DEBUG_INFO = INCLUDE_SOURCE;
				MTL_FAST_MATH = YES;
				ONLY_ACTIVE_ARCH = YES;
				SDKROOT = macosx;
				SWIFT_ACTIVE_COMPILATION_CONDITIONS = "DEBUG $(inherited)";
				SWIFT_OPTIMIZATION_LEVEL = "-Onone";
			};
			name = Debug;
		};
		C681D1D43032D62D0029AC15 /* Release */ = {
			isa = XCBuildConfiguration;
			buildSettings = {
				ALWAYS_SEARCH_USER_PATHS = NO;
				ASSETCATALOG_COMPILER_GENERATE_SWIFT_ASSET_SYMBOL_EXTENSIONS = YES;
				CLANG_ANALYZER_NONNULL = YES;
				CLANG_ANALYZER_NUMBER_OBJECT_CONVERSION = YES_AGGRESSIVE;
				CLANG_CXX_LANGUAGE_STANDARD = "gnu++20";
				CLANG_ENABLE_MODULES = YES;
				CLANG_ENABLE_OBJC_ARC = YES;
				CLANG_ENABLE_OBJC_WEAK = YES;
				CLANG_WARN_BLOCK_CAPTURE_AUTORELEASING = YES;
				CLANG_WARN_BOOL_CONVERSION = YES;
				CLANG_WARN_COMMA = YES;
				CLANG_WARN_CONSTANT_CONVERSION = YES;
				CLANG_WARN_DEPRECATED_OBJC_IMPLEMENTATIONS = YES;
				CLANG_WARN_DIRECT_OBJC_ISA_USAGE = YES_ERROR;
				CLANG_WARN_DOCUMENTATION_COMMENTS = YES;
				CLANG_WARN_EMPTY_BODY = YES;
				CLANG_WARN_ENUM_CONVERSION = YES;
				CLANG_WARN_INFINITE_RECURSION = YES;
				CLANG_WARN_INT_CONVERSION = YES;
				CLANG_WARN_NON_LITERAL_NULL_CONVERSION = YES;
				CLANG_WARN_OBJC_IMPLICIT_RETAIN_SELF = YES;
				CLANG_WARN_OBJC_LITERAL_CONVERSION = YES;
				CLANG_WARN_OBJC_ROOT_CLASS = YES_ERROR;
				CLANG_WARN_QUOTED_INCLUDE_IN_FRAMEWORK_HEADER = YES;
				CLANG_WARN_RANGE_LOOP_ANALYSIS = YES;
				CLANG_WARN_STRICT_PROTOTYPES = YES;
				CLANG_WARN_SUSPICIOUS_MOVE = YES;
				CLANG_WARN_UNGUARDED_AVAILABILITY = YES_AGGRESSIVE;
				CLANG_WARN_UNREACHABLE_CODE = YES;
				CLANG_WARN__DUPLICATE_METHOD_MATCH = YES;
				COPY_PHASE_STRIP = NO;
				DEBUG_INFORMATION_FORMAT = "dwarf-with-dsym";
				ENABLE_NS_ASSERTIONS = NO;
				ENABLE_STRICT_OBJC_MSGSEND = YES;
				ENABLE_USER_SCRIPT_SANDBOXING = YES;
				GCC_C_LANGUAGE_STANDARD = gnu17;
				GCC_NO_COMMON_BLOCKS = YES;
				GCC_WARN_64_TO_32_BIT_CONVERSION = YES;
				GCC_WARN_ABOUT_RETURN_TYPE = YES_ERROR;
				GCC_WARN_UNDECLARED_SELECTOR = YES;
				GCC_WARN_UNINITIALIZED_AUTOS = YES_AGGRESSIVE;
				GCC_WARN_UNUSED_FUNCTION = YES;
				GCC_WARN_UNUSED_VARIABLE = YES;
				LOCALIZATION_PREFERS_STRING_CATALOGS = YES;
				MACOSX_DEPLOYMENT_TARGET = 26.5;
				MTL_ENABLE_DEBUG_INFO = NO;
				MTL_FAST_MATH = YES;
				SDKROOT = macosx;
				SWIFT_COMPILATION_MODE = wholemodule;
			};
			name = Release;
		};
		C681D1D63032D62D0029AC15 /* Debug */ = {
			isa = XCBuildConfiguration;
			buildSettings = {
				ASSETCATALOG_COMPILER_APPICON_NAME = AppIcon;
				ASSETCATALOG_COMPILER_GLOBAL_ACCENT_COLOR_NAME = AccentColor;
				CODE_SIGN_STYLE = Automatic;
				COMBINE_HIDPI_IMAGES = YES;
				CURRENT_PROJECT_VERSION = 1;
				ENABLE_APP_SANDBOX = YES;
				ENABLE_PREVIEWS = YES;
				ENABLE_USER_SELECTED_FILES = readonly;
				GENERATE_INFOPLIST_FILE = YES;
				INFOPLIST_FILE = PokemonFocusTimer/Info.plist;
				INFOPLIST_KEY_LSUIElement = YES;
				INFOPLIST_KEY_NSHumanReadableCopyright = "";
				LD_RUNPATH_SEARCH_PATHS = (
					"$(inherited)",
					"@executable_path/../Frameworks",
				);
				MACOSX_DEPLOYMENT_TARGET = 26.0;
				MARKETING_VERSION = 1.0;
				PRODUCT_BUNDLE_IDENTIFIER = com.hodangminh.PokemonFocusTimer;
				PRODUCT_NAME = "$(TARGET_NAME)";
				REGISTER_APP_GROUPS = YES;
				STRING_CATALOG_GENERATE_SYMBOLS = YES;
				SWIFT_APPROACHABLE_CONCURRENCY = YES;
				SWIFT_DEFAULT_ACTOR_ISOLATION = MainActor;
				SWIFT_EMIT_LOC_STRINGS = YES;
				SWIFT_UPCOMING_FEATURE_MEMBER_IMPORT_VISIBILITY = YES;
				SWIFT_VERSION = 5.0;
			};
			name = Debug;
		};
		C681D1D73032D62D0029AC15 /* Release */ = {
			isa = XCBuildConfiguration;
			buildSettings = {
				ASSETCATALOG_COMPILER_APPICON_NAME = AppIcon;
				ASSETCATALOG_COMPILER_GLOBAL_ACCENT_COLOR_NAME = AccentColor;
				CODE_SIGN_STYLE = Automatic;
				COMBINE_HIDPI_IMAGES = YES;
				CURRENT_PROJECT_VERSION = 1;
				ENABLE_APP_SANDBOX = YES;
				ENABLE_PREVIEWS = YES;
				ENABLE_USER_SELECTED_FILES = readonly;
				GENERATE_INFOPLIST_FILE = YES;
				INFOPLIST_FILE = PokemonFocusTimer/Info.plist;
				INFOPLIST_KEY_LSUIElement = YES;
				INFOPLIST_KEY_NSHumanReadableCopyright = "";
				LD_RUNPATH_SEARCH_PATHS = (
					"$(inherited)",
					"@executable_path/../Frameworks",
				);
				MACOSX_DEPLOYMENT_TARGET = 26.0;
				MARKETING_VERSION = 1.0;
				PRODUCT_BUNDLE_IDENTIFIER = com.hodangminh.PokemonFocusTimer;
				PRODUCT_NAME = "$(TARGET_NAME)";
				REGISTER_APP_GROUPS = YES;
				STRING_CATALOG_GENERATE_SYMBOLS = YES;
				SWIFT_APPROACHABLE_CONCURRENCY = YES;
				SWIFT_DEFAULT_ACTOR_ISOLATION = MainActor;
				SWIFT_EMIT_LOC_STRINGS = YES;
				SWIFT_UPCOMING_FEATURE_MEMBER_IMPORT_VISIBILITY = YES;
				SWIFT_VERSION = 5.0;
			};
			name = Release;
		};
		C681D1D93032D62D0029AC15 /* Debug */ = {
			isa = XCBuildConfiguration;
			buildSettings = {
				BUNDLE_LOADER = "$(TEST_HOST)";
				CODE_SIGN_STYLE = Automatic;
				CURRENT_PROJECT_VERSION = 1;
				GENERATE_INFOPLIST_FILE = YES;
				MACOSX_DEPLOYMENT_TARGET = 26.5;
				MARKETING_VERSION = 1.0;
				PRODUCT_BUNDLE_IDENTIFIER = com.hodangminh.PokemonFocusTimerTests;
				PRODUCT_NAME = "$(TARGET_NAME)";
				STRING_CATALOG_GENERATE_SYMBOLS = NO;
				SWIFT_APPROACHABLE_CONCURRENCY = YES;
				SWIFT_EMIT_LOC_STRINGS = NO;
				SWIFT_UPCOMING_FEATURE_MEMBER_IMPORT_VISIBILITY = YES;
				SWIFT_VERSION = 5.0;
				TEST_HOST = "$(BUILT_PRODUCTS_DIR)/PokemonFocusTimer.app/$(BUNDLE_EXECUTABLE_FOLDER_PATH)/PokemonFocusTimer";
			};
			name = Debug;
		};
		C681D1DA3032D62D0029AC15 /* Release */ = {
			isa = XCBuildConfiguration;
			buildSettings = {
				BUNDLE_LOADER = "$(TEST_HOST)";
				CODE_SIGN_STYLE = Automatic;
				CURRENT_PROJECT_VERSION = 1;
				GENERATE_INFOPLIST_FILE = YES;
				MACOSX_DEPLOYMENT_TARGET = 26.5;
				MARKETING_VERSION = 1.0;
				PRODUCT_BUNDLE_IDENTIFIER = com.hodangminh.PokemonFocusTimerTests;
				PRODUCT_NAME = "$(TARGET_NAME)";
				STRING_CATALOG_GENERATE_SYMBOLS = NO;
				SWIFT_APPROACHABLE_CONCURRENCY = YES;
				SWIFT_EMIT_LOC_STRINGS = NO;
				SWIFT_UPCOMING_FEATURE_MEMBER_IMPORT_VISIBILITY = YES;
				SWIFT_VERSION = 5.0;
				TEST_HOST = "$(BUILT_PRODUCTS_DIR)/PokemonFocusTimer.app/$(BUNDLE_EXECUTABLE_FOLDER_PATH)/PokemonFocusTimer";
			};
			name = Release;
		};
		C681D1DC3032D62D0029AC15 /* Debug */ = {
			isa = XCBuildConfiguration;
			buildSettings = {
				CODE_SIGN_STYLE = Automatic;
				CURRENT_PROJECT_VERSION = 1;
				GENERATE_INFOPLIST_FILE = YES;
				MARKETING_VERSION = 1.0;
				PRODUCT_BUNDLE_IDENTIFIER = com.hodangminh.PokemonFocusTimerUITests;
				PRODUCT_NAME = "$(TARGET_NAME)";
				STRING_CATALOG_GENERATE_SYMBOLS = NO;
				SWIFT_APPROACHABLE_CONCURRENCY = YES;
				SWIFT_EMIT_LOC_STRINGS = NO;
				SWIFT_UPCOMING_FEATURE_MEMBER_IMPORT_VISIBILITY = YES;
				SWIFT_VERSION = 5.0;
				TEST_TARGET_NAME = PokemonFocusTimer;
			};
			name = Debug;
		};
		C681D1DD3032D62D0029AC15 /* Release */ = {
			isa = XCBuildConfiguration;
			buildSettings = {
				CODE_SIGN_STYLE = Automatic;
				CURRENT_PROJECT_VERSION = 1;
				GENERATE_INFOPLIST_FILE = YES;
				MARKETING_VERSION = 1.0;
				PRODUCT_BUNDLE_IDENTIFIER = com.hodangminh.PokemonFocusTimerUITests;
				PRODUCT_NAME = "$(TARGET_NAME)";
				STRING_CATALOG_GENERATE_SYMBOLS = NO;
				SWIFT_APPROACHABLE_CONCURRENCY = YES;
				SWIFT_EMIT_LOC_STRINGS = NO;
				SWIFT_UPCOMING_FEATURE_MEMBER_IMPORT_VISIBILITY = YES;
				SWIFT_VERSION = 5.0;
				TEST_TARGET_NAME = PokemonFocusTimer;
			};
			name = Release;
		};
/* End XCBuildConfiguration section */

/* Begin XCConfigurationList section */
		C681D1AF3032D62C0029AC15 /* Build configuration list for PBXProject "PokemonFocusTimer" */ = {
			isa = XCConfigurationList;
			buildConfigurations = (
				C681D1D33032D62D0029AC15 /* Debug */,
				C681D1D43032D62D0029AC15 /* Release */,
			);
			defaultConfigurationIsVisible = 0;
			defaultConfigurationName = Release;
		};
		C681D1D53032D62D0029AC15 /* Build configuration list for PBXNativeTarget "PokemonFocusTimer" */ = {
			isa = XCConfigurationList;
			buildConfigurations = (
				C681D1D63032D62D0029AC15 /* Debug */,
				C681D1D73032D62D0029AC15 /* Release */,
			);
			defaultConfigurationIsVisible = 0;
			defaultConfigurationName = Release;
		};
		C681D1D83032D62D0029AC15 /* Build configuration list for PBXNativeTarget "PokemonFocusTimerTests" */ = {
			isa = XCConfigurationList;
			buildConfigurations = (
				C681D1D93032D62D0029AC15 /* Debug */,
				C681D1DA3032D62D0029AC15 /* Release */,
			);
			defaultConfigurationIsVisible = 0;
			defaultConfigurationName = Release;
		};
		C681D1DB3032D62D0029AC15 /* Build configuration list for PBXNativeTarget "PokemonFocusTimerUITests" */ = {
			isa = XCConfigurationList;
			buildConfigurations = (
				C681D1DC3032D62D0029AC15 /* Debug */,
				C681D1DD3032D62D0029AC15 /* Release */,
			);
			defaultConfigurationIsVisible = 0;
			defaultConfigurationName = Release;
		};
/* End XCConfigurationList section */
	};
	rootObject = C681D1AC3032D62C0029AC15 /* Project object */;
}
